# @generated - this file is auto-generated by `mise lock` https://mise.en.dev/dev-tools/mise-lock.html

[[tools.python]]
version = "3.13.13"
backend = "core:python"

[tools.python."platforms.linux-arm64"]
checksum = "sha256:b396c30748c4aa2ca3990464e397bf04cdd3281a4f0464a8ad179daf96f080e2"
url = "https://github.com/astral-sh/python-build-standalone/releases/download/20260602/cpython-3.13.13+20260602-aarch64-unknown-linux-gnu-install_only_stripped.tar.gz"
provenance = "github-attestations"

[tools.python."platforms.linux-arm64-musl"]
checksum = "sha256:d9d48b63bdb28fc16e9414cf5af18349e1678abd5b5754fb0b39eeabaabe9a2f"
url = "https://github.com/astral-sh/python-build-standalone/releases/download/20260602/cpython-3.13.13+20260602-aarch64-unknown-linux-musl-install_only_stripped.tar.gz"
provenance = "github-attestations"

[tools.python."platforms.linux-x64"]
checksum = "sha256:c249d2b96af6912c3910f234b96aa8d20d30e8b0c46d0584fa956d7a77036ea9"
url = "https://github.com/astral-sh/python-build-standalone/releases/download/20260602/cpython-3.13.13+20260602-x86_64-unknown-linux-gnu-install_only_stripped.tar.gz"
provenance = "github-attestations"

[tools.python."platforms.linux-x64-musl"]
checksum = "sha256:5d9a053d28c9d09ecd50e700df88162b0a34b64930f9a35b09a58c105927508a"
url = "https://github.com/astral-sh/python-build-standalone/releases/download/20260602/cpython-3.13.13+20260602-x86_64-unknown-linux-musl-install_only_stripped.tar.gz"
provenance = "github-attestations"

[tools.python."platforms.macos-arm64"]
checksum = "sha256:b929647e1ebe243bd8b66c731e102b97dd7bdcc08127f03b7b22997ac4667403"
url = "https://github.com/astral-sh/python-build-standalone/releases/download/20260602/cpython-3.13.13+20260602-aarch64-apple-darwin-install_only_stripped.tar.gz"
provenance = "github-attestations"

[tools.python."platforms.macos-x64"]
checksum = "sha256:90761d4827285280b38e8d8ecd83f08b838f03730b891c6714e584fb0a53395d"
url = "https://github.com/astral-sh/python-build-standalone/releases/download/20260602/cpython-3.13.13+20260602-x86_64-apple-darwin-install_only_stripped.tar.gz"
provenance = "github-attestations"

[tools.python."platforms.windows-x64"]
checksum = "sha256:747876f7d97b228faccf680022de675ade6416f3e8e383efeb4976fd22a122f7"
url = "https://github.com/astral-sh/python-build-standalone/releases/download/20260602/cpython-3.13.13+20260602-x86_64-pc-windows-msvc-install_only_stripped.tar.gz"
provenance = "github-attestations"

[[tools.ruff]]
version = "0.15.16"
backend = "aqua:astral-sh/ruff"

[tools.ruff."platforms.linux-arm64"]
checksum = "sha256:3b39fc2608e12c554d42f6950a5ea131db8d8a0736c8949b3581c361f9f011d4"
url = "https://github.com/astral-sh/ruff/releases/download/0.15.16/ruff-aarch64-unknown-linux-musl.tar.gz"
provenance = "github-attestations"

[tools.ruff."platforms.linux-arm64-musl"]
checksum = "sha256:3b39fc2608e12c554d42f6950a5ea131db8d8a0736c8949b3581c361f9f011d4"
url = "https://github.com/astral-sh/ruff/releases/download/0.15.16/ruff-aarch64-unknown-linux-musl.tar.gz"
provenance = "github-attestations"

[tools.ruff."platforms.linux-x64"]
checksum = "sha256:f52d90f8a6b1b3ad7d74301c3c796652e851d8f05b6ba26d139f05f4838cf412"
url = "https://github.com/astral-sh/ruff/releases/download/0.15.16/ruff-x86_64-unknown-linux-musl.tar.gz"
provenance = "github-attestations"

[tools.ruff."platforms.linux-x64-musl"]
checksum = "sha256:f52d90f8a6b1b3ad7d74301c3c796652e851d8f05b6ba26d139f05f4838cf412"
url = "https://github.com/astral-sh/ruff/releases/download/0.15.16/ruff-x86_64-unknown-linux-musl.tar.gz"
provenance = "github-attestations"

[tools.ruff."platforms.macos-arm64"]
checksum = "sha256:9deb6c4c38c9324bfd98ea4efb40946aae99a987e7f9d1308a1291f14f6b46e2"
url = "https://github.com/astral-sh/ruff/releases/download/0.15.16/ruff-aarch64-apple-darwin.tar.gz"
provenance = "github-attestations"

[tools.ruff."platforms.macos-x64"]
checksum = "sha256:a8a7a60182f66b5995bd16e1831cf013e89558edf52135a1b6646f155f491f98"
url = "https://github.com/astral-sh/ruff/releases/download/0.15.16/ruff-x86_64-apple-darwin.tar.gz"
provenance = "github-attestations"

[tools.ruff."platforms.windows-x64"]
checksum = "sha256:b6c843fa84afb37af9d665a418324782ae18ea3dd1de775abfd7cf17f9431f85"
url = "https://github.com/astral-sh/ruff/releases/download/0.15.16/ruff-x86_64-pc-windows-msvc.zip"
provenance = "github-attestations"

[[tools.ty]]
version = "0.0.44"
backend = "aqua:astral-sh/ty"

[tools.ty."platforms.linux-arm64"]
checksum = "sha256:46a84ec41d2ae8892673f698a2ae31e02278203ededdce0d9229b7c4f5ac8bff"
url = "https://github.com/astral-sh/ty/releases/download/0.0.44/ty-aarch64-unknown-linux-musl.tar.gz"
provenance = "github-attestations"

[tools.ty."platforms.linux-arm64-musl"]
checksum = "sha256:46a84ec41d2ae8892673f698a2ae31e02278203ededdce0d9229b7c4f5ac8bff"
url = "https://github.com/astral-sh/ty/releases/download/0.0.44/ty-aarch64-unknown-linux-musl.tar.gz"
provenance = "github-attestations"

[tools.ty."platforms.linux-x64"]
checksum = "sha256:618549cc5b0fd19b3ca0830a43fee4189623d7bd993bf65315f1f0ba650d944a"
url = "https://github.com/astral-sh/ty/releases/download/0.0.44/ty-x86_64-unknown-linux-musl.tar.gz"
provenance = "github-attestations"

[tools.ty."platforms.linux-x64-musl"]
checksum = "sha256:618549cc5b0fd19b3ca0830a43fee4189623d7bd993bf65315f1f0ba650d944a"
url = "https://github.com/astral-sh/ty/releases/download/0.0.44/ty-x86_64-unknown-linux-musl.tar.gz"
provenance = "github-attestations"

[tools.ty."platforms.macos-arm64"]
checksum = "sha256:e796d5a91886a379d1da7c97772722a205901991d642382f75e2c27c138cfddb"
url = "https://github.com/astral-sh/ty/releases/download/0.0.44/ty-aarch64-apple-darwin.tar.gz"
provenance = "github-attestations"

[tools.ty."platforms.macos-x64"]
checksum = "sha256:aade76e76b66fa41bbc4d0058a55da77227f5ccb5ed3f83939cb1bf9d50cbfd8"
url = "https://github.com/astral-sh/ty/releases/download/0.0.44/ty-x86_64-apple-darwin.tar.gz"
provenance = "github-attestations"

[tools.ty."platforms.windows-x64"]
checksum = "sha256:599975ee577e0aca3d691dde4e19ad19f07ab152f32fe87ec226656561a78593"
url = "https://github.com/astral-sh/ty/releases/download/0.0.44/ty-x86_64-pc-windows-msvc.zip"
provenance = "github-attestations"

[[tools.uv]]
version = "0.11.19"
backend = "aqua:astral-sh/uv"

[tools.uv."platforms.linux-arm64"]
checksum = "sha256:767629b64cdf078c32e42819db28d5ca868b8dc7e3a879967fadc3e4f7f66be3"
url = "https://github.com/astral-sh/uv/releases/download/0.11.19/uv-aarch64-unknown-linux-musl.tar.gz"
provenance = "github-attestations"

[tools.uv."platforms.linux-arm64-musl"]
checksum = "sha256:767629b64cdf078c32e42819db28d5ca868b8dc7e3a879967fadc3e4f7f66be3"
url = "https://github.com/astral-sh/uv/releases/download/0.11.19/uv-aarch64-unknown-linux-musl.tar.gz"
provenance = "github-attestations"

[tools.uv."platforms.linux-x64"]
checksum = "sha256:c4c0d0a383413261af5f0f0743e1292f4aafbe907987ed83bd0ac66f0a3d7e20"
url = "https://github.com/astral-sh/uv/releases/download/0.11.19/uv-x86_64-unknown-linux-musl.tar.gz"
provenance = "github-attestations"

[tools.uv."platforms.linux-x64-musl"]
checksum = "sha256:c4c0d0a383413261af5f0f0743e1292f4aafbe907987ed83bd0ac66f0a3d7e20"
url = "https://github.com/astral-sh/uv/releases/download/0.11.19/uv-x86_64-unknown-linux-musl.tar.gz"
provenance = "github-attestations"

[tools.uv."platforms.macos-arm64"]
checksum = "sha256:d8f59c38e8c4168ee468d423cd63184be12fa6995a4283d41ee1a14d003c9453"
url = "https://github.com/astral-sh/uv/releases/download/0.11.19/uv-aarch64-apple-darwin.tar.gz"
provenance = "github-attestations"

[tools.uv."platforms.macos-x64"]
checksum = "sha256:1585f415cade9f061e7f00fe5b00030a79ccfac60c650242ce639ba946138d40"
url = "https://github.com/astral-sh/uv/releases/download/0.11.19/uv-x86_64-apple-darwin.tar.gz"
provenance = "github-attestations"

[tools.uv."platforms.windows-x64"]
checksum = "sha256:1665fc8e37b5d70a134820d6d7891747471a2ac8bc940ee7af0b69fd03b28d61"
url = "https://github.com/astral-sh/uv/releases/download/0.11.19/uv-x86_64-pc-windows-msvc.zip"
provenance = "github-attestations"
